hash: d7f08c29071249b8d7e8aefbf8edb471ad8dd236599c784787c35c06c9d55747
updated: 2019-06-24T13:35:17.515998-07:00
imports:
- name: code.cloudfoundry.org/cfhttp
  version: 1d363866d79a7203ee22ee605a9ac6081b56c9a0
  subpackages:
  - unix_transport
- name: code.cloudfoundry.org/cflager
  version: 3b0406dd8038bb31452dfaf171c4f0efa55393bf
- name: code.cloudfoundry.org/gofileutils
  version: 4d0c80011a0f37da1711c184028bc40137cd45af
  subpackages:
  - fileutils
- name: code.cloudfoundry.org/lager
  version: b273f19621a28f627423f658e71e014f114dd53e
- name: github.com/alecthomas/template
  version: b867cc6ab45cece8143cfcc6fc9c77cf3f2c23c0
  subpackages:
  - parse
- name: github.com/alecthomas/units
  version: 6b4e7dc5e3143b85ea77909c72caf89416fc2915
- name: github.com/boltdb/bolt
  version: 4d30731e9122988d2012a9574c43f80f054a0d3b
- name: github.com/cloudfoundry-community/go-cfclient
  version: f136f9222381e2fea5099f62e4b751dcb660ff82
- name: github.com/cloudfoundry-incubator/uaago
  version: 1db9cfd27865007e07ffd5914c0fdf5fb7fc09ba
- name: github.com/cloudfoundry/noaa
  version: 5ce49363dfa666c00fc716cb5f8c2f99462b41ef
  subpackages:
  - consumer
  - consumer/internal
  - errors
- name: github.com/cloudfoundry/sonde-go
  version: 81c3f6be579cf4337477a8b0d03852d0760b5801
  subpackages:
  - events
- name: github.com/gogo/protobuf
  version: a4cceea7a401a73fefafd1a21fedbd4694124a82
  subpackages:
  - gogoproto
  - proto
  - protoc-gen-gogo/descriptor
- name: github.com/golang/protobuf
  version: 98fa357170587e470c5f27d3c3ea0947b71eb455
  subpackages:
  - proto
- name: github.com/google/uuid
  version: 281f560d28af7174109514e936f94c2ab2cb2823
- name: github.com/gorilla/websocket
  version: a69d25be2fe2923a97c2af6849b2f52426f68fc0
- name: github.com/kelseyhightower/envconfig
  version: 9aca109c9aec4633fced9717c4a09ecab3d33111
- name: github.com/mailru/easyjson
  version: 3d7eb5818bd515e07588ded25d0d501516a0309d
  subpackages:
  - buffer
  - jlexer
  - jwriter
- name: github.com/Masterminds/semver
  version: 059deebd1619b9ae33232c797f7ab0e8d6c6fd69
- name: github.com/pkg/errors
  version: ba968bfe8b2f7e042a574c888954fccecfa385b4
- name: github.com/sirupsen/logrus
  version: 4b6ea7319e214d98c938f12692336f7ca9348d6b
- name: golang.org/x/net
  version: 3b0461eec859c4b73bb64fdc8285971fd33e3938
  subpackages:
  - context
- name: golang.org/x/oauth2
  version: 2baa8a1b9338cf13d9eeb27696d761155fa480be
  subpackages:
  - clientcredentials
  - internal
- name: golang.org/x/sys
  version: c5567b49c5d04a5f83870795b8c0e2df43a8ce32
  subpackages:
  - unix
- name: google.golang.org/appengine
  version: 46239ca616842c00f41b8cbc6bbf2bd6ffbfcdad
  subpackages:
  - internal
  - internal/base
  - internal/datastore
  - internal/log
  - internal/remote_api
  - internal/urlfetch
  - urlfetch
- name: gopkg.in/alecthomas/kingpin.v2
  version: e9044be3ab2a8e11d4e1f418d12f0790d57e8d70
testImports:
- name: github.com/onsi/ginkgo
  version: a8ccd817611666211fdf6e6a752174a0db8374a8
  subpackages:
  - config
  - internal/codelocation
  - internal/containernode
  - internal/failer
  - internal/leafnodes
  - internal/remote
  - internal/spec
  - internal/specrunner
  - internal/suite
  - internal/testingtproxy
  - internal/writer
  - reporters
  - reporters/stenographer
  - reporters/stenographer/support/go-colorable
  - reporters/stenographer/support/go-isatty
  - types
- name: github.com/onsi/gomega
  version: 4dfabf7db2e4147ec99a86db32b2f2a3484cfee8
  subpackages:
  - format
  - internal/assertion
  - internal/asyncassertion
  - internal/testingtsupport
  - matchers
  - matchers/support/goraph/bipartitegraph
  - matchers/support/goraph/edge
  - matchers/support/goraph/node
  - matchers/support/goraph/util
  - types
