hash: d7f08c29071249b8d7e8aefbf8edb471ad8dd236599c784787c35c06c9d55747
updated: 2019-05-23T11:50:52.262757-07:00
imports:
- name: code.cloudfoundry.org/cfhttp
  version: 1f526aa7822e788b7e8b9dd097b0cf8c5b2fdb71
  subpackages:
  - unix_transport
- name: code.cloudfoundry.org/cflager
  version: 185387b03a3c0962c9c283b790b9a7ae68b4cbef
- name: code.cloudfoundry.org/gofileutils
  version: 4d0c80011a0f37da1711c184028bc40137cd45af
  subpackages:
  - fileutils
- name: code.cloudfoundry.org/lager
  version: 54c4f2530ddeb742ce9c9ee26f5fa758d6c1b3b6
  subpackages:
  - internal/truncate
- name: github.com/alecthomas/template
  version: a0175ee3bccc567396460bf5acd36800cb10c49c
  subpackages:
  - parse
- name: github.com/alecthomas/units
  version: 2efee857e7cfd4f3d0138cc3cbb1b4966962b93a
- name: github.com/boltdb/bolt
  version: fd01fc79c553a8e99d512a07e8e0c63d4a3ccfc5
- name: github.com/cloudfoundry-community/go-cfclient
  version: f136f9222381e2fea5099f62e4b751dcb660ff82
- name: github.com/cloudfoundry-incubator/uaago
  version: 8136b7bbe76e26394600a790a95c15eac955f4fc
- name: github.com/cloudfoundry/noaa
  version: 5ce49363dfa666c00fc716cb5f8c2f99462b41ef
  subpackages:
  - consumer
  - consumer/internal
  - errors
- name: github.com/cloudfoundry/sonde-go
  version: b33733203bb48d7c56de7cb639d77f78b0449d19
  subpackages:
  - events
- name: github.com/gogo/protobuf
  version: 285f4c7b208cf987ad6d7f30cf4cce8bdc99b88f
  subpackages:
  - gogoproto
  - proto
  - protoc-gen-gogo/descriptor
- name: github.com/golang/protobuf
  version: b285ee9cfc6c881bb20c0d8dc73370ea9b9ec90f
  subpackages:
  - proto
- name: github.com/google/uuid
  version: c2e93f3ae59f2904160ceaab466009f965df46d6
- name: github.com/gorilla/websocket
  version: 80c2d40e9b91f2ef7a9c1a403aeec64d1b89a9a6
- name: github.com/kelseyhightower/envconfig
  version: dd1402a4d99de9ac2f396cd6fcb957bc2c695ec1
- name: github.com/konsorten/go-windows-terminal-sequences
  version: f55edac94c9bbba5d6182a4be46d86a2c9b5b50e
- name: github.com/mailru/easyjson
  version: 1ea4449da9834f4d333f1cc461c374aea217d249
  subpackages:
  - buffer
  - jlexer
  - jwriter
- name: github.com/Masterminds/semver
  version: 059deebd1619b9ae33232c797f7ab0e8d6c6fd69
- name: github.com/pkg/errors
  version: ba968bfe8b2f7e042a574c888954fccecfa385b4
- name: github.com/sirupsen/logrus
  version: 2a22dbedbad1fd454910cd1f44f210ef90c28464
- name: golang.org/x/net
  version: f3200d17e092c607f615320ecaad13d87ad9a2b3
  subpackages:
  - context
  - context/ctxhttp
  - html
  - html/atom
  - html/charset
- name: golang.org/x/oauth2
  version: aaccbc9213b0974828f81aaac109d194880e3014
  subpackages:
  - clientcredentials
  - internal
- name: golang.org/x/sys
  version: 0e01d883c5c5e3a1741118a9962f68d71b0a6ed4
  subpackages:
  - unix
- name: google.golang.org/appengine
  version: 311d3c5cf9373249645db030e53c37c209a8b378
  subpackages:
  - internal
  - internal/base
  - internal/datastore
  - internal/log
  - internal/remote_api
  - internal/urlfetch
  - urlfetch
- name: gopkg.in/alecthomas/kingpin.v2
  version: 947dcec5ba9c011838740e680966fd7087a71d0d
testImports:
- name: github.com/codegangsta/inject
  version: 33e0aa1cb7c019ccc3fbe049a8262a6403d30504
- name: github.com/go-martini/martini
  version: 22fa46961aabd2665cf3f1343b146d20028f5071
- name: github.com/gopherjs/gopherjs
  version: 3e4dfb77656c424b6d1196a4d5fed0fcf63677cc
  subpackages:
  - js
- name: github.com/hpcloud/tail
  version: a1dbeea552b7c8df4b542c66073e393de198a800
  subpackages:
  - ratelimiter
  - util
  - watch
  - winfile
- name: github.com/jtolds/gls
  version: b4936e06046bbecbb94cae9c18127ebe510a2cb9
- name: github.com/martini-contrib/render
  version: ec18f8345a1181146728238980606fb1d6f40e8c
- name: github.com/onsi/ginkgo
  version: 4cb744166b80afeec15fd0b4446c640a7688cd51
  subpackages:
  - config
  - internal/codelocation
  - internal/containernode
  - internal/failer
  - internal/leafnodes
  - internal/remote
  - internal/spec
  - internal/spec_iterator
  - internal/specrunner
  - internal/suite
  - internal/testingtproxy
  - internal/writer
  - reporters
  - reporters/stenographer
  - reporters/stenographer/support/go-colorable
  - reporters/stenographer/support/go-isatty
  - types
- name: github.com/onsi/gomega
  version: efe19c39ca106ee4ed42a1b25e1a80a53be4831a
  subpackages:
  - format
  - internal/assertion
  - internal/asyncassertion
  - internal/oraclematcher
  - internal/testingtsupport
  - matchers
  - matchers/support/goraph/bipartitegraph
  - matchers/support/goraph/edge
  - matchers/support/goraph/node
  - matchers/support/goraph/util
  - types
- name: github.com/oxtoacart/bpool
  version: 8c4636f812cc8920c26e2002b988c878b1fd6f5e
- name: github.com/smartystreets/assertions
  version: f487f9de1cd36ebab28235b9373028812fb47cbd
  subpackages:
  - internal/go-diff/diffmatchpatch
  - internal/go-render/render
  - internal/oglematchers
- name: github.com/smartystreets/goconvey
  version: 68dc04aab96ae4326137d6b77330c224063a927e
  subpackages:
  - convey
  - convey/gotest
  - convey/reporting
- name: golang.org/x/text
  version: 342b2e1fbaa52c93f31447ad2c6abc048c63e475
  subpackages:
  - encoding
  - encoding/charmap
  - encoding/htmlindex
  - encoding/internal
  - encoding/internal/identifier
  - encoding/japanese
  - encoding/korean
  - encoding/simplifiedchinese
  - encoding/traditionalchinese
  - encoding/unicode
  - internal/language
  - internal/language/compact
  - internal/tag
  - internal/utf8internal
  - language
  - runes
  - transform
- name: gopkg.in/fsnotify/fsnotify.v1
  version: c2828203cd70a50dcccfb2761f8b1f8ceef9a8e9
- name: gopkg.in/tomb.v1
  version: c131134a1947e9afd9cecfe11f4c6dff0732ae58
- name: gopkg.in/yaml.v2
  version: 51d6538a90f86fe93ac480b35f37b2be17fef232
