hash: b73f9c70d8ed16c246af32b7e66fc6306474625614525e21ca355fe7d6b4891c
updated: 2016-10-17T09:12:49.755228004-07:00
imports:
- name: code.cloudfoundry.org/cfhttp
  version: 1d363866d79a7203ee22ee605a9ac6081b56c9a0
  subpackages:
  - unix_transport
- name: code.cloudfoundry.org/cflager
  version: 3b0406dd8038bb31452dfaf171c4f0efa55393bf
- name: code.cloudfoundry.org/lager
  version: 62951a8009ab331bb21dc418074fa54e66eb9b6a
- name: github.com/alecthomas/template
  version: b867cc6ab45cece8143cfcc6fc9c77cf3f2c23c0
  subpackages:
  - parse
- name: github.com/alecthomas/units
  version: 6b4e7dc5e3143b85ea77909c72caf89416fc2915
- name: github.com/boltdb/bolt
  version: 4d30731e9122988d2012a9574c43f80f054a0d3b
- name: github.com/cloudfoundry-community/firehose-to-syslog
  version: 2f0289cc7945c4cb44a27c4514c5d5cdcbee790a
  subpackages:
  - caching
  - eventRouting
  - events
  - extrafields
  - logging
  - utils
- name: github.com/cloudfoundry-community/go-cfclient
  version: 113da20ed641ca3d56d09feec2ee37bda591f820
- name: github.com/cloudfoundry-incubator/uaago
  version: 1db9cfd27865007e07ffd5914c0fdf5fb7fc09ba
- name: github.com/cloudfoundry/noaa
  version: 0ca0d30d65c7422750132450593d402428dd2273
  subpackages:
  - consumer
  - consumer/internal
  - errors
- name: github.com/cloudfoundry/sonde-go
  version: 81c3f6be579cf4337477a8b0d03852d0760b5801
  subpackages:
  - events
- name: github.com/gogo/protobuf
  version: a4cceea7a401a73fefafd1a21fedbd4694124a82
  subpackages:
  - gogoproto
  - proto
  - protoc-gen-gogo/descriptor
- name: github.com/golang/protobuf
  version: 98fa357170587e470c5f27d3c3ea0947b71eb455
  subpackages:
  - proto
- name: github.com/gorilla/websocket
  version: a69d25be2fe2923a97c2af6849b2f52426f68fc0
- name: github.com/kelseyhightower/envconfig
  version: 13674b2d056fb658a00ba3f36e78043ced07c924
- name: github.com/mailru/easyjson
  version: 3d7eb5818bd515e07588ded25d0d501516a0309d
  subpackages:
  - buffer
  - jlexer
  - jwriter
- name: github.com/Sirupsen/logrus
  version: 4b6ea7319e214d98c938f12692336f7ca9348d6b
  subpackages:
  - hooks/syslog
- name: golang.org/x/net
  version: 7dbad50ab5b31073856416cdcfeb2796d682f844
  subpackages:
  - context
- name: golang.org/x/oauth2
  version: 2baa8a1b9338cf13d9eeb27696d761155fa480be
  subpackages:
  - internal
- name: golang.org/x/sys
  version: 9d4e42a20653790449273b3c85e67d6d8bae6e2e
  subpackages:
  - unix
- name: google.golang.org/appengine
  version: 5b8c3b819891014a2d12354528f7d046dd53c89e
  subpackages:
  - internal
  - internal/base
  - internal/datastore
  - internal/log
  - internal/remote_api
  - internal/urlfetch
  - urlfetch
- name: gopkg.in/alecthomas/kingpin.v2
  version: e9044be3ab2a8e11d4e1f418d12f0790d57e8d70
testImports:
- name: github.com/onsi/ginkgo
  version: 39549e585f5005ce588e6217d4538a4c99a472c9
  subpackages:
  - config
  - internal/codelocation
  - internal/containernode
  - internal/failer
  - internal/leafnodes
  - internal/remote
  - internal/spec
  - internal/specrunner
  - internal/suite
  - internal/testingtproxy
  - internal/writer
  - reporters
  - reporters/stenographer
  - reporters/stenographer/support/go-colorable
  - reporters/stenographer/support/go-isatty
  - types
- name: github.com/onsi/gomega
  version: 4dfabf7db2e4147ec99a86db32b2f2a3484cfee8
  subpackages:
  - format
  - internal/assertion
  - internal/asyncassertion
  - internal/testingtsupport
  - matchers
  - matchers/support/goraph/bipartitegraph
  - matchers/support/goraph/edge
  - matchers/support/goraph/node
  - matchers/support/goraph/util
  - types
