hash: 73ab1d45092553dcb17cd6a1891c2e4535fc8d2b8e7e53bff3fd0697ad747df8
updated: 2017-08-05T17:34:01.373191084-07:00
imports:
- name: code.cloudfoundry.org/cfhttp
  version: 1d363866d79a7203ee22ee605a9ac6081b56c9a0
- name: code.cloudfoundry.org/cflager
  version: 3b0406dd8038bb31452dfaf171c4f0efa55393bf
- name: code.cloudfoundry.org/lager
  version: b273f19621a28f627423f658e71e014f114dd53e
- name: github.com/cloudfoundry-incubator/uaago
  version: 1db9cfd27865007e07ffd5914c0fdf5fb7fc09ba
- name: github.com/cloudfoundry/noaa
  version: 0ca0d30d65c7422750132450593d402428dd2273
  subpackages:
  - consumer
- name: github.com/cloudfoundry/sonde-go
  version: 81c3f6be579cf4337477a8b0d03852d0760b5801
  subpackages:
  - events
- name: github.com/gogo/protobuf
  version: a4cceea7a401a73fefafd1a21fedbd4694124a82
  subpackages:
  - gogoproto
  - proto
  - protoc-gen-gogo/descriptor
- name: github.com/kelseyhightower/envconfig
  version: 9aca109c9aec4633fced9717c4a09ecab3d33111
- name: github.com/pkg/errors
  version: bfd5150e4e41705ded2129ec33379de1cb90b513
- name: golang.org/x/net
  version: 7dbad50ab5b31073856416cdcfeb2796d682f844
  subpackages:
  - html/charset
testImports:
- name: github.com/onsi/ginkgo
  version: a8ccd817611666211fdf6e6a752174a0db8374a8
  subpackages:
  - config
  - internal/codelocation
  - internal/containernode
  - internal/failer
  - internal/leafnodes
  - internal/remote
  - internal/spec
  - internal/specrunner
  - internal/suite
  - internal/testingtproxy
  - internal/writer
  - reporters
  - reporters/stenographer
  - reporters/stenographer/support/go-colorable
  - reporters/stenographer/support/go-isatty
  - types
- name: github.com/onsi/gomega
  version: 4dfabf7db2e4147ec99a86db32b2f2a3484cfee8
  subpackages:
  - format
  - internal/assertion
  - internal/asyncassertion
  - internal/testingtsupport
  - matchers
  - matchers/support/goraph/bipartitegraph
  - matchers/support/goraph/edge
  - matchers/support/goraph/node
  - matchers/support/goraph/util
  - types
- name: golang.org/x/sys
  version: 9d4e42a20653790449273b3c85e67d6d8bae6e2e
  subpackages:
  - unix
